
Microsoft Visual Studio Solution File, Format Version 12.00
# Visual Studio Version 17
VisualStudioVersion = 17.11.35303.130
MinimumVisualStudioVersion = 10.0.40219.1
Project("{FAE04EC0-301F-11D3-BF4B-00C04F79EFBC}") = "Pratik-Yol Arkadaşi-Tatil uygulamasi", "Pratik-Yol Arkadaşi-Tatil uygulamasi\Pratik-Yol Arkadaşi-Tatil uygulamasi.csproj", "{39DFBCC7-C13B-458F-8B3E-B6F0F099FC36}"
EndProject
Global
	GlobalSection(SolutionConfigurationPlatforms) = preSolution
		Debug|Any CPU = Debug|Any CPU
		Release|Any CPU = Release|Any CPU
	EndGlobalSection
	GlobalSection(ProjectConfigurationPlatforms) = postSolution
		{39DFBCC7-C13B-458F-8B3E-B6F0F099FC36}.Debug|Any CPU.ActiveCfg = Debug|Any CPU
		{39DFBCC7-C13B-458F-8B3E-B6F0F099FC36}.Debug|Any CPU.Build.0 = Debug|Any CPU
		{39DFBCC7-C13B-458F-8B3E-B6F0F099FC36}.Release|Any CPU.ActiveCfg = Release|Any CPU
		{39DFBCC7-C13B-458F-8B3E-B6F0F099FC36}.Release|Any CPU.Build.0 = Release|Any CPU
	EndGlobalSection
	GlobalSection(SolutionProperties) = preSolution
		HideSolutionNode = FALSE
	EndGlobalSection
	GlobalSection(ExtensibilityGlobals) = postSolution
		SolutionGuid = {8F692FD5-A42D-4895-8AD5-89585D824A28}
	EndGlobalSection
EndGlobal
